{
  "name": "literal-y",
  "version": "1.0.0",
  "lockfileVersion": 1,
  "requires": true,
  "dependencies": {
    "afinn-165": {
      "version": "1.0.4",
      "resolved": "https://registry.npmjs.org/afinn-165/-/afinn-165-1.0.4.tgz",
      "integrity": "sha512-7+Wlx3BImrK0HiG6y3lU4xX7SpBPSSu8T9iguPMlaueRFxjbYwAQrp9lqZUuFikqKbd/en8lVREILvP2J80uJA=="
    },
    "apparatus": {
      "version": "0.0.10",
      "resolved": "https://registry.npmjs.org/apparatus/-/apparatus-0.0.10.tgz",
      "integrity": "sha512-KLy/ugo33KZA7nugtQ7O0E1c8kQ52N3IvD/XgIh4w/Nr28ypfkwDfA67F1ev4N1m5D+BOk1+b2dEJDfpj/VvZg==",
      "requires": {
        "sylvester": ">= 0.0.8"
      }
    },
    "commander": {
      "version": "2.20.3",
      "resolved": "https://registry.npmjs.org/commander/-/commander-2.20.3.tgz",
      "integrity": "sha512-GpVkmM8vF2vQUkj2LvZmD35JxeJOLCwJ9cUkugyk2nuhbv3+mJvpLYYt+0+USMxE+oj+ey/lJEnhZw75x/OMcQ=="
    },
    "dictionary-en": {
      "version": "3.2.0",
      "resolved": "https://registry.npmjs.org/dictionary-en/-/dictionary-en-3.2.0.tgz",
      "integrity": "sha512-oujbJhuplUTlDntmOoultEcNyk8ge7cFI6yXNn7eJvpbBJOhGNhWtK0XjOJsiwl4EfIeyvDKwGB95vJXv1d+lQ=="
    },
    "natural": {
      "version": "5.2.2",
      "resolved": "https://registry.npmjs.org/natural/-/natural-5.2.2.tgz",
      "integrity": "sha512-X2o4i/f0CeOyTTXKIsUw6lBLLlz6xSBbOxzS7nMacjmNYXlQw/M9MXOrWlRsRMuXyoiDc+rO6bnk1ZzSCaI6Fw==",
      "requires": {
        "afinn-165": "^1.0.2",
        "apparatus": "^0.0.10",
        "safe-stable-stringify": "^2.2.0",
        "sylvester": "^0.0.12",
        "underscore": "^1.9.1",
        "wordnet-db": "^3.1.11"
      }
    },
    "safe-stable-stringify": {
      "version": "2.3.1",
      "resolved": "https://registry.npmjs.org/safe-stable-stringify/-/safe-stable-stringify-2.3.1.tgz",
      "integrity": "sha512-kYBSfT+troD9cDA85VDnHZ1rpHC50O0g1e6WlGHVCz/g+JS+9WKLj+XwFYyR8UbrZN8ll9HUpDAAddY58MGisg=="
    },
    "sylvester": {
      "version": "0.0.12",
      "resolved": "https://registry.npmjs.org/sylvester/-/sylvester-0.0.12.tgz",
      "integrity": "sha512-SzRP5LQ6Ts2G5NyAa/jg16s8e3R7rfdFjizy1zeoecYWw+nGL+YA1xZvW/+iJmidBGSdLkuvdwTYEyJEb+EiUw=="
    },
    "thousand-most-common-words": {
      "version": "1.0.1",
      "resolved": "https://registry.npmjs.org/thousand-most-common-words/-/thousand-most-common-words-1.0.1.tgz",
      "integrity": "sha512-iRoFFu1Z7BwA9Fy6mepOtLcDv/8w7jH2N3azT12Rdt6vYxsMh1X/gLswU+/wJHw5ytJr5ONLU3DGvaQpljzPiA=="
    },
    "underscore": {
      "version": "1.13.4",
      "resolved": "https://registry.npmjs.org/underscore/-/underscore-1.13.4.tgz",
      "integrity": "sha512-BQFnUDuAQ4Yf/cYY5LNrK9NCJFKriaRbD9uR1fTeXnBeoa97W0i41qkZfGO9pSo8I5KzjAcSY2XYtdf0oKd7KQ=="
    },
    "wordnet-db": {
      "version": "3.1.14",
      "resolved": "https://registry.npmjs.org/wordnet-db/-/wordnet-db-3.1.14.tgz",
      "integrity": "sha512-zVyFsvE+mq9MCmwXUWHIcpfbrHHClZWZiVOzKSxNJruIcFn2RbY55zkhiAMMxM8zCVSmtNiViq8FsAZSFpMYag=="
    },
    "wordpos": {
      "version": "2.1.0",
      "resolved": "https://registry.npmjs.org/wordpos/-/wordpos-2.1.0.tgz",
      "integrity": "sha512-0fGpg8Fv7vT8dFBw1fl3JX2ooqbtcWXUFUOzoD5O6CQ+0QIV9h+MC2N3zHmcD6+295OYzfXXxKSQJiim0nakJA==",
      "requires": {
        "commander": "^2.20.3",
        "underscore": ">=1.3.1",
        "wordnet-db": "^3.1.14"
      }
    }
  }
}
